
Microsoft Visual Studio Solution File, Format Version 12.00
# Visual Studio 14
VisualStudioVersion = 14.0.24720.0
MinimumVisualStudioVersion = 10.0.40219.1
Project("{FAE04EC0-301F-11D3-BF4B-00C04F79EFBC}") = "week6day2ClassPracticeMore", "week6day2ClassPracticeMore\week6day2ClassPracticeMore.csproj", "{E38E2EE5-4BE2-4472-B2ED-D802A38688F3}"
EndProject
Global
	GlobalSection(SolutionConfigurationPlatforms) = preSolution
		Debug|Any CPU = Debug|Any CPU
		Release|Any CPU = Release|Any CPU
	EndGlobalSection
	GlobalSection(ProjectConfigurationPlatforms) = postSolution
		{E38E2EE5-4BE2-4472-B2ED-D802A38688F3}.Debug|Any CPU.ActiveCfg = Debug|Any CPU
		{E38E2EE5-4BE2-4472-B2ED-D802A38688F3}.Debug|Any CPU.Build.0 = Debug|Any CPU
		{E38E2EE5-4BE2-4472-B2ED-D802A38688F3}.Release|Any CPU.ActiveCfg = Release|Any CPU
		{E38E2EE5-4BE2-4472-B2ED-D802A38688F3}.Release|Any CPU.Build.0 = Release|Any CPU
	EndGlobalSection
	GlobalSection(SolutionProperties) = preSolution
		HideSolutionNode = FALSE
	EndGlobalSection
EndGlobal
